
Microsoft Visual Studio Solution File, Format Version 12.00
# Visual Studio Version 17
VisualStudioVersion = 17.8.34316.72
MinimumVisualStudioVersion = 10.0.40219.1
Project("{9A19103F-16F7-4668-BE54-9A1E7A4F7556}") = "SSSKLv2", "SSSKLv2\SSSKLv2.csproj", "{102D6599-E114-4F8A-99DC-F6067983CFFE}"
EndProject
Project("{FAE04EC0-301F-11D3-BF4B-00C04F79EFBC}") = "SSSKLv2.Test", "SSSKLv2.Test\SSSKLv2.Test.csproj", "{27564579-A1C1-466E-B186-C838EBB3DC36}"
EndProject
Project("{2150E333-8FDC-42A3-9474-1A3956D46DE8}") = "Bestanden", "Bestanden", "{297168A4-B386-416B-ACA2-73D1A13F0D34}"
	ProjectSection(SolutionItems) = preProject
		LICENSE.txt = LICENSE.txt
		README.md = README.md
		.gitignore = .gitignore
		docker-compose.yml = docker-compose.yml
		.github\workflows\dotnet.yml = .github\workflows\dotnet.yml
		.github\workflows\deploy-production.yml = .github\workflows\deploy-production.yml
	EndProjectSection
EndProject
Global
	GlobalSection(SolutionConfigurationPlatforms) = preSolution
		Debug|Any CPU = Debug|Any CPU
		Release|Any CPU = Release|Any CPU
	EndGlobalSection
	GlobalSection(ProjectConfigurationPlatforms) = postSolution
		{102D6599-E114-4F8A-99DC-F6067983CFFE}.Debug|Any CPU.ActiveCfg = Debug|Any CPU
		{102D6599-E114-4F8A-99DC-F6067983CFFE}.Debug|Any CPU.Build.0 = Debug|Any CPU
		{102D6599-E114-4F8A-99DC-F6067983CFFE}.Release|Any CPU.ActiveCfg = Release|Any CPU
		{102D6599-E114-4F8A-99DC-F6067983CFFE}.Release|Any CPU.Build.0 = Release|Any CPU
		{27564579-A1C1-466E-B186-C838EBB3DC36}.Debug|Any CPU.ActiveCfg = Debug|Any CPU
		{27564579-A1C1-466E-B186-C838EBB3DC36}.Debug|Any CPU.Build.0 = Debug|Any CPU
		{27564579-A1C1-466E-B186-C838EBB3DC36}.Release|Any CPU.ActiveCfg = Release|Any CPU
		{27564579-A1C1-466E-B186-C838EBB3DC36}.Release|Any CPU.Build.0 = Release|Any CPU
	EndGlobalSection
	GlobalSection(SolutionProperties) = preSolution
		HideSolutionNode = FALSE
	EndGlobalSection
	GlobalSection(ExtensibilityGlobals) = postSolution
		SolutionGuid = {64B70D2F-E47A-4BBB-BB19-453E8403D37A}
	EndGlobalSection
EndGlobal
